{
  "version": 1,
  "dependencies": {
    "net7.0-windows7.0": {
      "JorgeSerrano.Json.JsonSnakeCaseNamingPolicy": {
        "type": "Direct",
        "requested": "[0.9.0, )",
        "resolved": "0.9.0",
        "contentHash": "xCqODS+wzpUXNtg4bMMvXG5PLbP0iTwRzRn2R+zWHKm83E6tbV2bCagawXp1EnZeNpd5OXpMxehulZWns8efzQ=="
      },
      "Microsoft.Extensions.Configuration.Binder": {
        "type": "Direct",
        "requested": "[7.0.4, )",
        "resolved": "7.0.4",
        "contentHash": "8+XPvJnHZsYgHOQlcMuQe7QNF5KdVKHH1F/wW3nd8/u81Gk/XFAYMDP0Lpz18h7/AM95M662vvqMorcYxCBB4w==",
        "dependencies": {
          "Microsoft.Extensions.Configuration.Abstractions": "7.0.0"
        }
      },
      "NLog": {
        "type": "Direct",
        "requested": "[5.2.2, )",
        "resolved": "5.2.2",
        "contentHash": "r6Q9740g29gTwmTWlsgdIFm0mhNsfNZmbvWKX/Fxmi8X89ZrpUowHM2T2X1lP7RVpND+ef+XnfKL5g6Q1iNGXA=="
      },
      "NuGet.Commands": {
        "type": "Direct",
        "requested": "[6.6.1, )",
        "resolved": "6.6.1",
        "contentHash": "D1b7gTk1wp7sxscLhS8O/yoErsRVbR4zJvLVD4jo1sgxh42ZOWKpMkhznPUxpvmCxBhw9hAy8/yWrRH91SfdEQ==",
        "dependencies": {
          "Microsoft.Extensions.FileProviders.Abstractions": "6.0.0",
          "Microsoft.Extensions.FileSystemGlobbing": "6.0.0",
          "NuGet.Credentials": "6.6.1",
          "NuGet.ProjectModel": "6.6.1"
        }
      },
      "NuGet.DependencyResolver.Core": {
        "type": "Direct",
        "requested": "[6.6.1, )",
        "resolved": "6.6.1",
        "contentHash": "K+EXXLU37PBnwLGx6WnVGxlfWYkdedvUUOeDMERXelNgjg20irtKf3hk+wGB7NmxAdNY9/gGcOgSDOV+M0w3Jg==",
        "dependencies": {
          "NuGet.Configuration": "6.6.1",
          "NuGet.LibraryModel": "6.6.1",
          "NuGet.Protocol": "6.6.1"
        }
      },
      "SemanticVersioning": {
        "type": "Direct",
        "requested": "[2.0.2, )",
        "resolved": "2.0.2",
        "contentHash": "4EQgYdNZ92SyaO7YFk6olVnebF5V+jrHyMUjvPq89tLeMo8NSfgDF+6Zwq/lgh9j/0yfQp9Lkm0ZA0rUATCZFA=="
      },
      "SpaceEngineersDedicated.ReferenceAssemblies": {
        "type": "Direct",
        "requested": "[1.203.22.3, )",
        "resolved": "1.203.22.3",
        "contentHash": "U7awzB6nGNN3tyZpeWQQjF4MHxJ4CDbvXEuJDkddLa2ellh2SYCV4V3UqukMuVzlrUSC71ITFwDVZZ+uYZYVtw==",
        "dependencies": {
          "protobuf-net": "1.0.0"
        }
      },
      "System.Linq.Async": {
        "type": "Direct",
        "requested": "[6.0.1, )",
        "resolved": "6.0.1",
        "contentHash": "0YhHcaroWpQ9UCot3Pizah7ryAzQhNvobLMSxeDIGmnXfkQn8u5owvpOH0K6EVB+z9L7u6Cc4W17Br/+jyttEQ==",
        "dependencies": {
          "Microsoft.Bcl.AsyncInterfaces": "6.0.0"
        }
      },
      "Microsoft.Bcl.AsyncInterfaces": {
        "type": "Transitive",
        "resolved": "6.0.0",
        "contentHash": "UcSjPsst+DfAdJGVDsu346FX0ci0ah+lw3WRtn18NUwEqRt70HaOQ7lI72vy3+1LxtqI3T5GWwV39rQSrCzAeg=="
      },
      "Microsoft.Extensions.Configuration.Abstractions": {
        "type": "Transitive",
        "resolved": "7.0.0",
        "contentHash": "f34u2eaqIjNO9YLHBz8rozVZ+TcFiFs0F3r7nUJd7FRkVSxk8u4OpoK226mi49MwexHOR2ibP9MFvRUaLilcQQ==",
        "dependencies": {
          "Microsoft.Extensions.Primitives": "7.0.0"
        }
      },
      "Microsoft.Extensions.FileProviders.Abstractions": {
        "type": "Transitive",
        "resolved": "6.0.0",
        "contentHash": "0pd4/fho0gC12rQswaGQxbU34jOS1TPS8lZPpkFCH68ppQjHNHYle9iRuHeev1LhrJ94YPvzcRd8UmIuFk23Qw==",
        "dependencies": {
          "Microsoft.Extensions.Primitives": "6.0.0"
        }
      },
      "Microsoft.Extensions.FileSystemGlobbing": {
        "type": "Transitive",
        "resolved": "6.0.0",
        "contentHash": "ip8jnL1aPiaPeKINCqaTEbvBFDmVx9dXQEBZ2HOBRXPD1eabGNqP/bKlsIcp7U2lGxiXd5xIhoFcmY8nM4Hdiw=="
      },
      "Microsoft.Extensions.Primitives": {
        "type": "Transitive",
        "resolved": "7.0.0",
        "contentHash": "um1KU5kxcRp3CNuI8o/GrZtD4AIOXDk+RLsytjZ9QPok3ttLUelLKpilVPuaFT3TFjOhSibUAso0odbOaCDj3Q=="
      },
      "Newtonsoft.Json": {
        "type": "Transitive",
        "resolved": "13.0.1",
        "contentHash": "ppPFpBcvxdsfUonNcvITKqLl3bqxWbDCZIzDWHzjpdAHRFfZe0Dw9HmA0+za13IdyrgJwpkDTDA9fHaxOrt20A=="
      },
      "NuGet.Common": {
        "type": "Transitive",
        "resolved": "6.6.1",
        "contentHash": "hW5NtShErO3qbdkyv7doCRsFNK9Rlcc7mVjYM+hg1sOAWheTh/oo95DzNbsZthiqyHZfaioopfWtzmoxNw9h4g==",
        "dependencies": {
          "NuGet.Frameworks": "6.6.1"
        }
      },
      "NuGet.Configuration": {
        "type": "Transitive",
        "resolved": "6.6.1",
        "contentHash": "9WbK8wgwPfRpSwuG+ZhMshE48qUYvPIw7VNLCncrq/in4vE6SGsuawPSxPJkkLBtcKTGbPMez5JDvUf6vEBgKg==",
        "dependencies": {
          "NuGet.Common": "6.6.1",
          "System.Security.Cryptography.ProtectedData": "4.4.0"
        }
      },
      "NuGet.Credentials": {
        "type": "Transitive",
        "resolved": "6.6.1",
        "contentHash": "TuOlXcE1ajwdtfnQaUjDv2xO2u/WDS56/b5jHfEBZetKfcpT0W3iNOqInVPO0qxRxXK5/HXUKVr2Pya1LsVVnA==",
        "dependencies": {
          "NuGet.Protocol": "6.6.1"
        }
      },
      "NuGet.Frameworks": {
        "type": "Transitive",
        "resolved": "6.6.1",
        "contentHash": "iRtDhL0zPqVw037fHEK9bQljTKPuOHhfIkz86/IH2P8eetr910HTTe5G8lJTuzZHh592Ze/sYhh173HIFjPSfg=="
      },
      "NuGet.LibraryModel": {
        "type": "Transitive",
        "resolved": "6.6.1",
        "contentHash": "B0KH19sNNUq56YfEozIsIpk8EOyolG0LRT+hqG1/mhuXlQFiP9BgT6pZgwLQVLUl9YBDx3+KWQQbl6pz8Yh/Sw==",
        "dependencies": {
          "NuGet.Common": "6.6.1",
          "NuGet.Versioning": "6.6.1"
        }
      },
      "NuGet.Packaging": {
        "type": "Transitive",
        "resolved": "6.6.1",
        "contentHash": "GwhFi2Ep4YzAGQFYz1OsMVNfiJ1M46nyCgHQ7xjJSMvxDYFgodR1RqVugWFMbIUUq6I8iYASwp5lpHXvITeuIQ==",
        "dependencies": {
          "Newtonsoft.Json": "13.0.1",
          "NuGet.Configuration": "6.6.1",
          "NuGet.Versioning": "6.6.1",
          "System.Security.Cryptography.Cng": "5.0.0",
          "System.Security.Cryptography.Pkcs": "5.0.0"
        }
      },
      "NuGet.ProjectModel": {
        "type": "Transitive",
        "resolved": "6.6.1",
        "contentHash": "CEyRXXvgIoEQBWn3WZupjkIVC6rPcGUAO5p4Gz+fnF8kcefWQOXHfnOE+UKZ0WwAJG5iMWRvXBKAGOuFiFhNpQ==",
        "dependencies": {
          "NuGet.DependencyResolver.Core": "6.6.1"
        }
      },
      "NuGet.Protocol": {
        "type": "Transitive",
        "resolved": "6.6.1",
        "contentHash": "HhKLsK6Q0NNp6qb0T26GLR5gCTRZu+gzqDVK4xqXHZmsolaDVIdIYpn44b2etaVYLzNJCvgRkw+I422u2bIvMw==",
        "dependencies": {
          "NuGet.Packaging": "6.6.1"
        }
      },
      "NuGet.Versioning": {
        "type": "Transitive",
        "resolved": "6.6.1",
        "contentHash": "Wm/AOFICTIrCgbVxv9dNWusraTzcggbo5W4ao7hD8NNVq911an9TGwW+uNuYc8I5PkpTeMuSXneV2u6hbi1P4w=="
      },
      "protobuf-net": {
        "type": "Transitive",
        "resolved": "1.0.0",
        "contentHash": "kTGOK0E87473sOImOjgZOnz3kTC2aMLffoRWQLYNuBLJnwNNmjanF9IkevZ9Q7yYLeABQfcF3BpeepuMntMVNw=="
      },
      "System.Formats.Asn1": {
        "type": "Transitive",
        "resolved": "5.0.0",
        "contentHash": "MTvUIktmemNB+El0Fgw9egyqT9AYSIk6DTJeoDSpc3GIHxHCMo8COqkWT1mptX5tZ1SlQ6HJZ0OsSvMth1c12w=="
      },
      "System.Security.Cryptography.Cng": {
        "type": "Transitive",
        "resolved": "5.0.0",
        "contentHash": "jIMXsKn94T9JY7PvPq/tMfqa6GAaHpElRDpmG+SuL+D3+sTw2M8VhnibKnN8Tq+4JqbPJ/f+BwtLeDMEnzAvRg==",
        "dependencies": {
          "System.Formats.Asn1": "5.0.0"
        }
      },
      "System.Security.Cryptography.Pkcs": {
        "type": "Transitive",
        "resolved": "5.0.0",
        "contentHash": "9TPLGjBCGKmNvG8pjwPeuYy0SMVmGZRwlTZvyPHDbYv/DRkoeumJdfumaaDNQzVGMEmbWtg07zUpSW9q70IlDQ==",
        "dependencies": {
          "System.Formats.Asn1": "5.0.0",
          "System.Security.Cryptography.Cng": "5.0.0"
        }
      },
      "System.Security.Cryptography.ProtectedData": {
        "type": "Transitive",
        "resolved": "4.4.0",
        "contentHash": "cJV7ScGW7EhatRsjehfvvYVBvtiSMKgN8bOVI0bQhnF5bU7vnHVIsH49Kva7i7GWaWYvmEzkYVk1TC+gZYBEog=="
      }
    }
  }
}